
Microsoft Visual Studio Solution File, Format Version 12.00
# Visual Studio Version 16
VisualStudioVersion = 16.0.810.10
MinimumVisualStudioVersion = 10.0.40219.1
Project("{FAE04EC0-301F-11D3-BF4B-00C04F79EFBC}") = "Methodswitharrays", "Methodswitharrays.csproj", "{E591FFA3-6143-4A4C-96DE-F0B206A6E8B3}"
EndProject
Global
	GlobalSection(SolutionConfigurationPlatforms) = preSolution
		Debug|Any CPU = Debug|Any CPU
		Release|Any CPU = Release|Any CPU
	EndGlobalSection
	GlobalSection(ProjectConfigurationPlatforms) = postSolution
		{E591FFA3-6143-4A4C-96DE-F0B206A6E8B3}.Debug|Any CPU.ActiveCfg = Debug|Any CPU
		{E591FFA3-6143-4A4C-96DE-F0B206A6E8B3}.Debug|Any CPU.Build.0 = Debug|Any CPU
		{E591FFA3-6143-4A4C-96DE-F0B206A6E8B3}.Release|Any CPU.ActiveCfg = Release|Any CPU
		{E591FFA3-6143-4A4C-96DE-F0B206A6E8B3}.Release|Any CPU.Build.0 = Release|Any CPU
	EndGlobalSection
	GlobalSection(SolutionProperties) = preSolution
		HideSolutionNode = FALSE
	EndGlobalSection
	GlobalSection(ExtensibilityGlobals) = postSolution
		SolutionGuid = {A13BDC31-C4FF-41D3-B088-84EEC9FE28A4}
	EndGlobalSection
EndGlobal
